
Microsoft Visual Studio Solution File, Format Version 12.00
# Visual Studio Version 17
VisualStudioVersion = 17.13.35806.99 d17.13
MinimumVisualStudioVersion = 10.0.40219.1
Project("{FAE04EC0-301F-11D3-BF4B-00C04F79EFBC}") = "MouseTracking.Domain", "MouseTracking.Domain\MouseTracking.Domain.csproj", "{5A911C57-E31A-4D24-96FE-C905FCB0217E}"
EndProject
Project("{FAE04EC0-301F-11D3-BF4B-00C04F79EFBC}") = "MouseTracking.Data", "MouseTracking.Data\MouseTracking.Data.csproj", "{FDEB1CA3-B8B6-4BEE-8272-719E1189D4D9}"
EndProject
Project("{FAE04EC0-301F-11D3-BF4B-00C04F79EFBC}") = "MouseTracking.Api", "MouseTracking.Api\MouseTracking.Api.csproj", "{2EF0F293-8E98-43E5-9807-991AF67E9D80}"
EndProject
Global
	GlobalSection(SolutionConfigurationPlatforms) = preSolution
		Debug|Any CPU = Debug|Any CPU
		Release|Any CPU = Release|Any CPU
	EndGlobalSection
	GlobalSection(ProjectConfigurationPlatforms) = postSolution
		{5A911C57-E31A-4D24-96FE-C905FCB0217E}.Debug|Any CPU.ActiveCfg = Debug|Any CPU
		{5A911C57-E31A-4D24-96FE-C905FCB0217E}.Debug|Any CPU.Build.0 = Debug|Any CPU
		{5A911C57-E31A-4D24-96FE-C905FCB0217E}.Release|Any CPU.ActiveCfg = Release|Any CPU
		{5A911C57-E31A-4D24-96FE-C905FCB0217E}.Release|Any CPU.Build.0 = Release|Any CPU
		{FDEB1CA3-B8B6-4BEE-8272-719E1189D4D9}.Debug|Any CPU.ActiveCfg = Debug|Any CPU
		{FDEB1CA3-B8B6-4BEE-8272-719E1189D4D9}.Debug|Any CPU.Build.0 = Debug|Any CPU
		{FDEB1CA3-B8B6-4BEE-8272-719E1189D4D9}.Release|Any CPU.ActiveCfg = Release|Any CPU
		{FDEB1CA3-B8B6-4BEE-8272-719E1189D4D9}.Release|Any CPU.Build.0 = Release|Any CPU
		{2EF0F293-8E98-43E5-9807-991AF67E9D80}.Debug|Any CPU.ActiveCfg = Debug|Any CPU
		{2EF0F293-8E98-43E5-9807-991AF67E9D80}.Debug|Any CPU.Build.0 = Debug|Any CPU
		{2EF0F293-8E98-43E5-9807-991AF67E9D80}.Release|Any CPU.ActiveCfg = Release|Any CPU
		{2EF0F293-8E98-43E5-9807-991AF67E9D80}.Release|Any CPU.Build.0 = Release|Any CPU
	EndGlobalSection
	GlobalSection(SolutionProperties) = preSolution
		HideSolutionNode = FALSE
	EndGlobalSection
	GlobalSection(ExtensibilityGlobals) = postSolution
		SolutionGuid = {30CC6705-414D-41E6-B3A9-BA1CA603349F}
	EndGlobalSection
EndGlobal
